// !$*UTF8*$!
{
	archiveVersion = 1;
	classes = {
	};
	objectVersion = 48;
	objects = {

/* Begin PBXBuildFile section */
		09615C161FA0F9DA001F82AD /* AppDelegate.swift in Sources */ = {isa = PBXBuildFile; fileRef = 09615C151FA0F9DA001F82AD /* AppDelegate.swift */; };
		09615C181FA0F9DA001F82AD /* ViewController.swift in Sources */ = {isa = PBXBuildFile; fileRef = 09615C171FA0F9DA001F82AD /* ViewController.swift */; };
		09615C1B1FA0F9DA001F82AD /* Main.storyboard in Resources */ = {isa = PBXBuildFile; fileRef = 09615C191FA0F9DA001F82AD /* Main.storyboard */; };
		09615C1D1FA0F9DA001F82AD /* Assets.xcassets in Resources */ = {isa = PBXBuildFile; fileRef = 09615C1C1FA0F9DA001F82AD /* Assets.xcassets */; };
		09615C201FA0F9DA001F82AD /* LaunchScreen.storyboard in Resources */ = {isa = PBXBuildFile; fileRef = 09615C1E1FA0F9DA001F82AD /* LaunchScreen.storyboard */; };
		09615C2B1FA0F9DB001F82AD /* SamplePodCarthageUITests.swift in Sources */ = {isa = PBXBuildFile; fileRef = 09615C2A1FA0F9DB001F82AD /* SamplePodCarthageUITests.swift */; };
		09615C371FA0FC4A001F82AD /* TestPodCarthage.framework in Frameworks */ = {isa = PBXBuildFile; fileRef = 09615C361FA0FC4A001F82AD /* TestPodCarthage.framework */; };
/* End PBXBuildFile section */

/* Begin PBXContainerItemProxy section */
		09615C271FA0F9DA001F82AD /* PBXContainerItemProxy */ = {
			isa = PBXContainerItemProxy;
			containerPortal = 09615C0A1FA0F9DA001F82AD /* Project object */;
			proxyType = 1;
			remoteGlobalIDString = 09615C111FA0F9DA001F82AD;
			remoteInfo = SamplePodCarthage;
		};
/* End PBXContainerItemProxy section */

/* Begin PBXFileReference section */
		09615C121FA0F9DA001F82AD /* SamplePodCarthage.app */ = {isa = PBXFileReference; explicitFileType = wrapper.application; includeInIndex = 0; path = SamplePodCarthage.app; sourceTree = BUILT_PRODUCTS_DIR; };
		09615C151FA0F9DA001F82AD /* AppDelegate.swift */ = {isa = PBXFileReference; lastKnownFileType = sourcecode.swift; path = AppDelegate.swift; sourceTree = "<group>"; };
		09615C171FA0F9DA001F82AD /* ViewController.swift */ = {isa = PBXFileReference; lastKnownFileType = sourcecode.swift; path = ViewController.swift; sourceTree = "<group>"; };
		09615C1A1FA0F9DA001F82AD /* Base */ = {isa = PBXFileReference; lastKnownFileType = file.storyboard; name = Base; path = Base.lproj/Main.storyboard; sourceTree = "<group>"; };
		09615C1C1FA0F9DA001F82AD /* Assets.xcassets */ = {isa = PBXFileReference; lastKnownFileType = folder.assetcatalog; path = Assets.xcassets; sourceTree = "<group>"; };
		09615C1F1FA0F9DA001F82AD /* Base */ = {isa = PBXFileReference; lastKnownFileType = file.storyboard; name = Base; path = Base.lproj/LaunchScreen.storyboard; sourceTree = "<group>"; };
		09615C211FA0F9DA001F82AD /* Info.plist */ = {isa = PBXFileReference; lastKnownFileType = text.plist.xml; path = Info.plist; sourceTree = "<group>"; };
		09615C261FA0F9DA001F82AD /* SamplePodCarthageUITests.xctest */ = {isa = PBXFileReference; explicitFileType = wrapper.cfbundle; includeInIndex = 0; path = SamplePodCarthageUITests.xctest; sourceTree = BUILT_PRODUCTS_DIR; };
		09615C2A1FA0F9DB001F82AD /* SamplePodCarthageUITests.swift */ = {isa = PBXFileReference; lastKnownFileType = sourcecode.swift; path = SamplePodCarthageUITests.swift; sourceTree = "<group>"; };
		09615C2C1FA0F9DB001F82AD /* Info.plist */ = {isa = PBXFileReference; lastKnownFileType = text.plist.xml; path = Info.plist; sourceTree = "<group>"; };
		09615C361FA0FC4A001F82AD /* TestPodCarthage.framework */ = {isa = PBXFileReference; lastKnownFileType = wrapper.framework; name = TestPodCarthage.framework; path = Carthage/Build/iOS/TestPodCarthage.framework; sourceTree = "<group>"; };
/* End PBXFileReference section */

/* Begin PBXFrameworksBuildPhase section */
		09615C0F1FA0F9DA001F82AD /* Frameworks */ = {
			isa = PBXFrameworksBuildPhase;
			buildActionMask = 2147483647;
			files = (
				09615C371FA0FC4A001F82AD /* TestPodCarthage.framework in Frameworks */,
			);
			runOnlyForDeploymentPostprocessing = 0;
		};
		09615C231FA0F9DA001F82AD /* Frameworks */ = {
			isa = PBXFrameworksBuildPhase;
			buildActionMask = 2147483647;
			files = (
			);
			runOnlyForDeploymentPostprocessing = 0;
		};
/* End PBXFrameworksBuildPhase section */

/* Begin PBXGroup section */
		09615C091FA0F9DA001F82AD = {
			isa = PBXGroup;
			children = (
				09615C141FA0F9DA001F82AD /* SamplePodCarthage */,
				09615C291FA0F9DA001F82AD /* SamplePodCarthageUITests */,
				09615C131FA0F9DA001F82AD /* Products */,
				09615C351FA0FC4A001F82AD /* Frameworks */,
			);
			sourceTree = "<group>";
		};
		09615C131FA0F9DA001F82AD /* Products */ = {
			isa = PBXGroup;
			children = (
				09615C121FA0F9DA001F82AD /* SamplePodCarthage.app */,
				09615C261FA0F9DA001F82AD /* SamplePodCarthageUITests.xctest */,
			);
			name = Products;
			sourceTree = "<group>";
		};
		09615C141FA0F9DA001F82AD /* SamplePodCarthage */ = {
			isa = PBXGroup;
			children = (
				09615C151FA0F9DA001F82AD /* AppDelegate.swift */,
				09615C171FA0F9DA001F82AD /* ViewController.swift */,
				09615C191FA0F9DA001F82AD /* Main.storyboard */,
				09615C1C1FA0F9DA001F82AD /* Assets.xcassets */,
				09615C1E1FA0F9DA001F82AD /* LaunchScreen.storyboard */,
				09615C211FA0F9DA001F82AD /* Info.plist */,
			);
			path = SamplePodCarthage;
			sourceTree = "<group>";
		};
		09615C291FA0F9DA001F82AD /* SamplePodCarthageUITests */ = {
			isa = PBXGroup;
			children = (
				09615C2A1FA0F9DB001F82AD /* SamplePodCarthageUITests.swift */,
				09615C2C1FA0F9DB001F82AD /* Info.plist */,
			);
			path = SamplePodCarthageUITests;
			sourceTree = "<group>";
		};
		09615C351FA0FC4A001F82AD /* Frameworks */ = {
			isa = PBXGroup;
			children = (
				09615C361FA0FC4A001F82AD /* TestPodCarthage.framework */,
			);
			name = Frameworks;
			sourceTree = "<group>";
		};
/* End PBXGroup section */

/* Begin PBXNativeTarget section */
		09615C111FA0F9DA001F82AD /* SamplePodCarthage */ = {
			isa = PBXNativeTarget;
			buildConfigurationList = 09615C2F1FA0F9DB001F82AD /* Build configuration list for PBXNativeTarget "SamplePodCarthage" */;
			buildPhases = (
				09615C0E1FA0F9DA001F82AD /* Sources */,
				09615C0F1FA0F9DA001F82AD /* Frameworks */,
				09615C101FA0F9DA001F82AD /* Resources */,
				09615C381FA0FC65001F82AD /* Carthage */,
			);
			buildRules = (
			);
			dependencies = (
			);
			name = SamplePodCarthage;
			productName = SamplePodCarthage;
			productReference = 09615C121FA0F9DA001F82AD /* SamplePodCarthage.app */;
			productType = "com.apple.product-type.application";
		};
		09615C251FA0F9DA001F82AD /* SamplePodCarthageUITests */ = {
			isa = PBXNativeTarget;
			buildConfigurationList = 09615C321FA0F9DB001F82AD /* Build configuration list for PBXNativeTarget "SamplePodCarthageUITests" */;
			buildPhases = (
				09615C221FA0F9DA001F82AD /* Sources */,
				09615C231FA0F9DA001F82AD /* Frameworks */,
				09615C241FA0F9DA001F82AD /* Resources */,
			);
			buildRules = (
			);
			dependencies = (
				09615C281FA0F9DA001F82AD /* PBXTargetDependency */,
			);
			name = SamplePodCarthageUITests;
			productName = SamplePodCarthageUITests;
			productReference = 09615C261FA0F9DA001F82AD /* SamplePodCarthageUITests.xctest */;
			productType = "com.apple.product-type.bundle.ui-testing";
		};
/* End PBXNativeTarget section */

/* Begin PBXProject section */
		09615C0A1FA0F9DA001F82AD /* Project object */ = {
			isa = PBXProject;
			attributes = {
				LastSwiftUpdateCheck = 0900;
				LastUpgradeCheck = 0900;
				ORGANIZATIONNAME = "Hervé PEROTEAU";
				TargetAttributes = {
					09615C111FA0F9DA001F82AD = {
						CreatedOnToolsVersion = 9.0.1;
						ProvisioningStyle = Automatic;
					};
					09615C251FA0F9DA001F82AD = {
						CreatedOnToolsVersion = 9.0.1;
						ProvisioningStyle = Automatic;
						TestTargetID = 09615C111FA0F9DA001F82AD;
					};
				};
			};
			buildConfigurationList = 09615C0D1FA0F9DA001F82AD /* Build configuration list for PBXProject "SamplePodCarthage" */;
			compatibilityVersion = "Xcode 8.0";
			developmentRegion = en;
			hasScannedForEncodings = 0;
			knownRegions = (
				en,
				Base,
			);
			mainGroup = 09615C091FA0F9DA001F82AD;
			productRefGroup = 09615C131FA0F9DA001F82AD /* Products */;
			projectDirPath = "";
			projectRoot = "";
			targets = (
				09615C111FA0F9DA001F82AD /* SamplePodCarthage */,
				09615C251FA0F9DA001F82AD /* SamplePodCarthageUITests */,
			);
		};
/* End PBXProject section */

/* Begin PBXResourcesBuildPhase section */
		09615C101FA0F9DA001F82AD /* Resources */ = {
			isa = PBXResourcesBuildPhase;
			buildActionMask = 2147483647;
			files = (
				09615C201FA0F9DA001F82AD /* LaunchScreen.storyboard in Resources */,
				09615C1D1FA0F9DA001F82AD /* Assets.xcassets in Resources */,
				09615C1B1FA0F9DA001F82AD /* Main.storyboard in Resources */,
			);
			runOnlyForDeploymentPostprocessing = 0;
		};
		09615C241FA0F9DA001F82AD /* Resources */ = {
			isa = PBXResourcesBuildPhase;
			buildActionMask = 2147483647;
			files = (
			);
			runOnlyForDeploymentPostprocessing = 0;
		};
/* End PBXResourcesBuildPhase section */

/* Begin PBXShellScriptBuildPhase section */
		09615C381FA0FC65001F82AD /* Carthage */ = {
			isa = PBXShellScriptBuildPhase;
			buildActionMask = 2147483647;
			files = (
			);
			inputPaths = (
				"$(SRCROOT)/Carthage/Build/iOS/TestPodCarthage.framework",
			);
			name = Carthage;
			outputPaths = (
			);
			runOnlyForDeploymentPostprocessing = 0;
			shellPath = /bin/sh;
			shellScript = "/usr/local/bin/carthage copy-frameworks\n";
		};
/* End PBXShellScriptBuildPhase section */

/* Begin PBXSourcesBuildPhase section */
		09615C0E1FA0F9DA001F82AD /* Sources */ = {
			isa = PBXSourcesBuildPhase;
			buildActionMask = 2147483647;
			files = (
				09615C181FA0F9DA001F82AD /* ViewController.swift in Sources */,
				09615C161FA0F9DA001F82AD /* AppDelegate.swift in Sources */,
			);
			runOnlyForDeploymentPostprocessing = 0;
		};
		09615C221FA0F9DA001F82AD /* Sources */ = {
			isa = PBXSourcesBuildPhase;
			buildActionMask = 2147483647;
			files = (
				09615C2B1FA0F9DB001F82AD /* SamplePodCarthageUITests.swift in Sources */,
			);
			runOnlyForDeploymentPostprocessing = 0;
		};
/* End PBXSourcesBuildPhase section */

/* Begin PBXTargetDependency section */
		09615C281FA0F9DA001F82AD /* PBXTargetDependency */ = {
			isa = PBXTargetDependency;
			target = 09615C111FA0F9DA001F82AD /* SamplePodCarthage */;
			targetProxy = 09615C271FA0F9DA001F82AD /* PBXContainerItemProxy */;
		};
/* End PBXTargetDependency section */

/* Begin PBXVariantGroup section */
		09615C191FA0F9DA001F82AD /* Main.storyboard */ = {
			isa = PBXVariantGroup;
			children = (
				09615C1A1FA0F9DA001F82AD /* Base */,
			);
			name = Main.storyboard;
			sourceTree = "<group>";
		};
		09615C1E1FA0F9DA001F82AD /* LaunchScreen.storyboard */ = {
			isa = PBXVariantGroup;
			children = (
				09615C1F1FA0F9DA001F82AD /* Base */,
			);
			name = LaunchScreen.storyboard;
			sourceTree = "<group>";
		};
/* End PBXVariantGroup section */

/* Begin XCBuildConfiguration section */
		09615C2D1FA0F9DB001F82AD /* Debug */ = {
			isa = XCBuildConfiguration;
			buildSettings = {
				ALWAYS_SEARCH_USER_PATHS = NO;
				CLANG_ANALYZER_NONNULL = YES;
				CLANG_ANALYZER_NUMBER_OBJECT_CONVERSION = YES_AGGRESSIVE;
				CLANG_CXX_LANGUAGE_STANDARD = "gnu++14";
				CLANG_CXX_LIBRARY = "libc++";
				CLANG_ENABLE_MODULES = YES;
				CLANG_ENABLE_OBJC_ARC = YES;
				CLANG_WARN_BLOCK_CAPTURE_AUTORELEASING = YES;
				CLANG_WARN_BOOL_CONVERSION = YES;
				CLANG_WARN_COMMA = YES;
				CLANG_WARN_CONSTANT_CONVERSION = YES;
				CLANG_WARN_DIRECT_OBJC_ISA_USAGE = YES_ERROR;
				CLANG_WARN_DOCUMENTATION_COMMENTS = YES;
				CLANG_WARN_EMPTY_BODY = YES;
				CLANG_WARN_ENUM_CONVERSION = YES;
				CLANG_WARN_INFINITE_RECURSION = YES;
				CLANG_WARN_INT_CONVERSION = YES;
				CLANG_WARN_NON_LITERAL_NULL_CONVERSION = YES;
				CLANG_WARN_OBJC_LITERAL_CONVERSION = YES;
				CLANG_WARN_OBJC_ROOT_CLASS = YES_ERROR;
				CLANG_WARN_RANGE_LOOP_ANALYSIS = YES;
				CLANG_WARN_STRICT_PROTOTYPES = YES;
				CLANG_WARN_SUSPICIOUS_MOVE = YES;
				CLANG_WARN_UNGUARDED_AVAILABILITY = YES_AGGRESSIVE;
				CLANG_WARN_UNREACHABLE_CODE = YES;
				CLANG_WARN__DUPLICATE_METHOD_MATCH = YES;
				CODE_SIGN_IDENTITY = "iPhone Developer";
				COPY_PHASE_STRIP = NO;
				DEBUG_INFORMATION_FORMAT = dwarf;
				ENABLE_STRICT_OBJC_MSGSEND = YES;
				ENABLE_TESTABILITY = YES;
				GCC_C_LANGUAGE_STANDARD = gnu11;
				GCC_DYNAMIC_NO_PIC = NO;
				GCC_NO_COMMON_BLOCKS = YES;
				GCC_OPTIMIZATION_LEVEL = 0;
				GCC_PREPROCESSOR_DEFINITIONS = (
					"DEBUG=1",
					"$(inherited)",
				);
				GCC_WARN_64_TO_32_BIT_CONVERSION = YES;
				GCC_WARN_ABOUT_RETURN_TYPE = YES_ERROR;
				GCC_WARN_UNDECLARED_SELECTOR = YES;
				GCC_WARN_UNINITIALIZED_AUTOS = YES_AGGRESSIVE;
				GCC_WARN_UNUSED_FUNCTION = YES;
				GCC_WARN_UNUSED_VARIABLE = YES;
				IPHONEOS_DEPLOYMENT_TARGET = 11.0;
				MTL_ENABLE_DEBUG_INFO = YES;
				ONLY_ACTIVE_ARCH = YES;
				SDKROOT = iphoneos;
				SWIFT_ACTIVE_COMPILATION_CONDITIONS = DEBUG;
				SWIFT_OPTIMIZATION_LEVEL = "-Onone";
			};
			name = Debug;
		};
		09615C2E1FA0F9DB001F82AD /* Release */ = {
			isa = XCBuildConfiguration;
			buildSettings = {
				ALWAYS_SEARCH_USER_PATHS = NO;
				CLANG_ANALYZER_NONNULL = YES;
				CLANG_ANALYZER_NUMBER_OBJECT_CONVERSION = YES_AGGRESSIVE;
				CLANG_CXX_LANGUAGE_STANDARD = "gnu++14";
				CLANG_CXX_LIBRARY = "libc++";
				CLANG_ENABLE_MODULES = YES;
				CLANG_ENABLE_OBJC_ARC = YES;
				CLANG_WARN_BLOCK_CAPTURE_AUTORELEASING = YES;
				CLANG_WARN_BOOL_CONVERSION = YES;
				CLANG_WARN_COMMA = YES;
				CLANG_WARN_CONSTANT_CONVERSION = YES;
				CLANG_WARN_DIRECT_OBJC_ISA_USAGE = YES_ERROR;
				CLANG_WARN_DOCUMENTATION_COMMENTS = YES;
				CLANG_WARN_EMPTY_BODY = YES;
				CLANG_WARN_ENUM_CONVERSION = YES;
				CLANG_WARN_INFINITE_RECURSION = YES;
				CLANG_WARN_INT_CONVERSION = YES;
				CLANG_WARN_NON_LITERAL_NULL_CONVERSION = YES;
				CLANG_WARN_OBJC_LITERAL_CONVERSION = YES;
				CLANG_WARN_OBJC_ROOT_CLASS = YES_ERROR;
				CLANG_WARN_RANGE_LOOP_ANALYSIS = YES;
				CLANG_WARN_STRICT_PROTOTYPES = YES;
				CLANG_WARN_SUSPICIOUS_MOVE = YES;
				CLANG_WARN_UNGUARDED_AVAILABILITY = YES_AGGRESSIVE;
				CLANG_WARN_UNREACHABLE_CODE = YES;
				CLANG_WARN__DUPLICATE_METHOD_MATCH = YES;
				CODE_SIGN_IDENTITY = "iPhone Developer";
				COPY_PHASE_STRIP = NO;
				DEBUG_INFORMATION_FORMAT = "dwarf-with-dsym";
				ENABLE_NS_ASSERTIONS = NO;
				ENABLE_STRICT_OBJC_MSGSEND = YES;
				GCC_C_LANGUAGE_STANDARD = gnu11;
				GCC_NO_COMMON_BLOCKS = YES;
				GCC_WARN_64_TO_32_BIT_CONVERSION = YES;
				GCC_WARN_ABOUT_RETURN_TYPE = YES_ERROR;
				GCC_WARN_UNDECLARED_SELECTOR = YES;
				GCC_WARN_UNINITIALIZED_AUTOS = YES_AGGRESSIVE;
				GCC_WARN_UNUSED_FUNCTION = YES;
				GCC_WARN_UNUSED_VARIABLE = YES;
				IPHONEOS_DEPLOYMENT_TARGET = 11.0;
				MTL_ENABLE_DEBUG_INFO = NO;
				SDKROOT = iphoneos;
				SWIFT_OPTIMIZATION_LEVEL = "-Owholemodule";
				VALIDATE_PRODUCT = YES;
			};
			name = Release;
		};
		09615C301FA0F9DB001F82AD /* Debug */ = {
			isa = XCBuildConfiguration;
			buildSettings = {
				ASSETCATALOG_COMPILER_APPICON_NAME = AppIcon;
				CODE_SIGN_STYLE = Automatic;
				DEVELOPMENT_TEAM = E536PJHTHJ;
				FRAMEWORK_SEARCH_PATHS = (
					"$(inherited)",
					"$(PROJECT_DIR)/Carthage/Build/iOS",
				);
				INFOPLIST_FILE = SamplePodCarthage/Info.plist;
				LD_RUNPATH_SEARCH_PATHS = "$(inherited) @executable_path/Frameworks";
				PRODUCT_BUNDLE_IDENTIFIER = com.peroteau.herve.SamplePodCarthage;
				PRODUCT_NAME = "$(TARGET_NAME)";
				SWIFT_VERSION = 4.0;
				TARGETED_DEVICE_FAMILY = "1,2";
			};
			name = Debug;
		};
		09615C311FA0F9DB001F82AD /* Release */ = {
			isa = XCBuildConfiguration;
			buildSettings = {
				ASSETCATALOG_COMPILER_APPICON_NAME = AppIcon;
				CODE_SIGN_STYLE = Automatic;
				DEVELOPMENT_TEAM = E536PJHTHJ;
				FRAMEWORK_SEARCH_PATHS = (
					"$(inherited)",
					"$(PROJECT_DIR)/Carthage/Build/iOS",
				);
				INFOPLIST_FILE = SamplePodCarthage/Info.plist;
				LD_RUNPATH_SEARCH_PATHS = "$(inherited) @executable_path/Frameworks";
				PRODUCT_BUNDLE_IDENTIFIER = com.peroteau.herve.SamplePodCarthage;
				PRODUCT_NAME = "$(TARGET_NAME)";
				SWIFT_VERSION = 4.0;
				TARGETED_DEVICE_FAMILY = "1,2";
			};
			name = Release;
		};
		09615C331FA0F9DB001F82AD /* Debug */ = {
			isa = XCBuildConfiguration;
			buildSettings = {
				ALWAYS_EMBED_SWIFT_STANDARD_LIBRARIES = YES;
				CODE_SIGN_STYLE = Automatic;
				DEVELOPMENT_TEAM = E536PJHTHJ;
				INFOPLIST_FILE = SamplePodCarthageUITests/Info.plist;
				LD_RUNPATH_SEARCH_PATHS = "$(inherited) @executable_path/Frameworks @loader_path/Frameworks";
				PRODUCT_BUNDLE_IDENTIFIER = com.peroteau.herve.SamplePodCarthageUITests;
				PRODUCT_NAME = "$(TARGET_NAME)";
				SWIFT_VERSION = 4.0;
				TARGETED_DEVICE_FAMILY = "1,2";
				TEST_TARGET_NAME = SamplePodCarthage;
			};
			name = Debug;
		};
		09615C341FA0F9DB001F82AD /* Release */ = {
			isa = XCBuildConfiguration;
			buildSettings = {
				ALWAYS_EMBED_SWIFT_STANDARD_LIBRARIES = YES;
				CODE_SIGN_STYLE = Automatic;
				DEVELOPMENT_TEAM = E536PJHTHJ;
				INFOPLIST_FILE = SamplePodCarthageUITests/Info.plist;
				LD_RUNPATH_SEARCH_PATHS = "$(inherited) @executable_path/Frameworks @loader_path/Frameworks";
				PRODUCT_BUNDLE_IDENTIFIER = com.peroteau.herve.SamplePodCarthageUITests;
				PRODUCT_NAME = "$(TARGET_NAME)";
				SWIFT_VERSION = 4.0;
				TARGETED_DEVICE_FAMILY = "1,2";
				TEST_TARGET_NAME = SamplePodCarthage;
			};
			name = Release;
		};
/* End XCBuildConfiguration section */

/* Begin XCConfigurationList section */
		09615C0D1FA0F9DA001F82AD /* Build configuration list for PBXProject "SamplePodCarthage" */ = {
			isa = XCConfigurationList;
			buildConfigurations = (
				09615C2D1FA0F9DB001F82AD /* Debug */,
				09615C2E1FA0F9DB001F82AD /* Release */,
			);
			defaultConfigurationIsVisible = 0;
			defaultConfigurationName = Release;
		};
		09615C2F1FA0F9DB001F82AD /* Build configuration list for PBXNativeTarget "SamplePodCarthage" */ = {
			isa = XCConfigurationList;
			buildConfigurations = (
				09615C301FA0F9DB001F82AD /* Debug */,
				09615C311FA0F9DB001F82AD /* Release */,
			);
			defaultConfigurationIsVisible = 0;
			defaultConfigurationName = Release;
		};
		09615C321FA0F9DB001F82AD /* Build configuration list for PBXNativeTarget "SamplePodCarthageUITests" */ = {
			isa = XCConfigurationList;
			buildConfigurations = (
				09615C331FA0F9DB001F82AD /* Debug */,
				09615C341FA0F9DB001F82AD /* Release */,
			);
			defaultConfigurationIsVisible = 0;
			defaultConfigurationName = Release;
		};
/* End XCConfigurationList section */
	};
	rootObject = 09615C0A1FA0F9DA001F82AD /* Project object */;
}
